
Microsoft Visual Studio Solution File, Format Version 12.00
# Visual Studio 15
VisualStudioVersion = 15.0.27130.2026
MinimumVisualStudioVersion = 10.0.40219.1
Project("{9A19103F-16F7-4668-BE54-9A1E7A4F7556}") = "FayC", "FayC\FayC.csproj", "{128A2417-89BA-4926-961C-3BD3F812BCBD}"
EndProject
Project("{9A19103F-16F7-4668-BE54-9A1E7A4F7556}") = "FayLib", "FayLib\FayLib.csproj", "{A278937A-AFAC-47D3-A6CA-67B2860366E1}"
EndProject
Project("{9A19103F-16F7-4668-BE54-9A1E7A4F7556}") = "FayTest", "FayTest\FayTest.csproj", "{58794D65-A3A0-4705-8724-3ECA3574CF82}"
EndProject
Project("{FAE04EC0-301F-11D3-BF4B-00C04F79EFBC}") = "Fay", "Fay\Fay.csproj", "{32531384-8D9E-4893-9F77-BC30276031AF}"
EndProject
Global
	GlobalSection(SolutionConfigurationPlatforms) = preSolution
		Debug|Any CPU = Debug|Any CPU
		Release|Any CPU = Release|Any CPU
	EndGlobalSection
	GlobalSection(ProjectConfigurationPlatforms) = postSolution
		{128A2417-89BA-4926-961C-3BD3F812BCBD}.Debug|Any CPU.ActiveCfg = Debug|Any CPU
		{128A2417-89BA-4926-961C-3BD3F812BCBD}.Debug|Any CPU.Build.0 = Debug|Any CPU
		{128A2417-89BA-4926-961C-3BD3F812BCBD}.Release|Any CPU.ActiveCfg = Release|Any CPU
		{128A2417-89BA-4926-961C-3BD3F812BCBD}.Release|Any CPU.Build.0 = Release|Any CPU
		{A278937A-AFAC-47D3-A6CA-67B2860366E1}.Debug|Any CPU.ActiveCfg = Debug|Any CPU
		{A278937A-AFAC-47D3-A6CA-67B2860366E1}.Debug|Any CPU.Build.0 = Debug|Any CPU
		{A278937A-AFAC-47D3-A6CA-67B2860366E1}.Release|Any CPU.ActiveCfg = Release|Any CPU
		{A278937A-AFAC-47D3-A6CA-67B2860366E1}.Release|Any CPU.Build.0 = Release|Any CPU
		{58794D65-A3A0-4705-8724-3ECA3574CF82}.Debug|Any CPU.ActiveCfg = Debug|Any CPU
		{58794D65-A3A0-4705-8724-3ECA3574CF82}.Debug|Any CPU.Build.0 = Debug|Any CPU
		{58794D65-A3A0-4705-8724-3ECA3574CF82}.Release|Any CPU.ActiveCfg = Release|Any CPU
		{58794D65-A3A0-4705-8724-3ECA3574CF82}.Release|Any CPU.Build.0 = Release|Any CPU
		{32531384-8D9E-4893-9F77-BC30276031AF}.Debug|Any CPU.ActiveCfg = Debug|Any CPU
		{32531384-8D9E-4893-9F77-BC30276031AF}.Debug|Any CPU.Build.0 = Debug|Any CPU
		{32531384-8D9E-4893-9F77-BC30276031AF}.Release|Any CPU.ActiveCfg = Release|Any CPU
		{32531384-8D9E-4893-9F77-BC30276031AF}.Release|Any CPU.Build.0 = Release|Any CPU
	EndGlobalSection
	GlobalSection(SolutionProperties) = preSolution
		HideSolutionNode = FALSE
	EndGlobalSection
	GlobalSection(ExtensibilityGlobals) = postSolution
		SolutionGuid = {7C7B83DE-2DE6-4955-884D-7070D472A498}
	EndGlobalSection
EndGlobal
